
Microsoft Visual Studio Solution File, Format Version 12.00
# Visual Studio Version 17
VisualStudioVersion = 17.6.33723.286
MinimumVisualStudioVersion = 10.0.40219.1
Project("{2150E333-8FDC-42A3-9474-1A3956D46DE8}") = "Services", "Services", "{90F4B072-A611-4D7E-B41B-A26E29319B23}"
EndProject
Project("{2150E333-8FDC-42A3-9474-1A3956D46DE8}") = "Catalog", "Catalog", "{16411F01-79E4-4C43-9A76-6431CB998A74}"
EndProject
Project("{9A19103F-16F7-4668-BE54-9A1E7A4F7556}") = "Catalog.API", "Services\Catalog\Catalog.API\Catalog.API.csproj", "{EE78C2D2-5688-4F69-A3A1-C464A90163AE}"
EndProject
Project("{9A19103F-16F7-4668-BE54-9A1E7A4F7556}") = "Catalog.Model", "Model.API\Catalog.Model.csproj", "{16F102BF-D8C5-47E3-8391-D852DB864250}"
EndProject
Project("{9A19103F-16F7-4668-BE54-9A1E7A4F7556}") = "Catalog.Data", "Catalog.Data\Catalog.Data.csproj", "{ADDFF245-781C-477F-8E18-FB5015A0E382}"
EndProject
Project("{9A19103F-16F7-4668-BE54-9A1E7A4F7556}") = "Catalog.Core", "Catalog.Core\Catalog.Core.csproj", "{24E71CD7-434A-4926-8855-6D1C025FB433}"
EndProject
Project("{E53339B2-1760-4266-BCC7-CA923CBCF16C}") = "docker-compose", "docker-compose.dcproj", "{3DF60C96-EC0E-4A0D-93BC-AF141BFCA450}"
EndProject
Project("{2150E333-8FDC-42A3-9474-1A3956D46DE8}") = "Basket", "Basket", "{6C034F05-2950-487D-A38C-00FC688BA17C}"
EndProject
Project("{9A19103F-16F7-4668-BE54-9A1E7A4F7556}") = "Basket.API", "Services\Basket\Basket.API\Basket.API.csproj", "{E1D8C1DC-688E-4FE2-8CF0-86C27B5EDB9C}"
EndProject
Project("{9A19103F-16F7-4668-BE54-9A1E7A4F7556}") = "Basket.Model", "Basket.Model\Basket.Model.csproj", "{72549B59-C307-4D5F-B868-D5876A33835B}"
EndProject
Project("{9A19103F-16F7-4668-BE54-9A1E7A4F7556}") = "Basket.Core", "Basket.Core\Basket.Core.csproj", "{7E7F5CA0-0789-4195-92A7-84050E0B8DC8}"
EndProject
Project("{2150E333-8FDC-42A3-9474-1A3956D46DE8}") = "Discount", "Discount", "{12191CAA-75C1-4A61-9804-8EC37068C79A}"
EndProject
Project("{9A19103F-16F7-4668-BE54-9A1E7A4F7556}") = "Discount.API", "Services\Discount\Discount.API\Discount.API.csproj", "{9EE50478-BCD7-495E-B528-E93621F2D4BA}"
EndProject
Project("{9A19103F-16F7-4668-BE54-9A1E7A4F7556}") = "Discount.Model", "Services\Discount\Discount.Model\Discount.Model.csproj", "{136D36CF-8DC1-4F24-B3BA-57E5BAB59D56}"
EndProject
Project("{9A19103F-16F7-4668-BE54-9A1E7A4F7556}") = "Discount.Core", "Services\Discount\Discount.Core\Discount.Core.csproj", "{8AD97592-5F72-45B0-BA9B-2CB707ADA6FE}"
EndProject
Project("{9A19103F-16F7-4668-BE54-9A1E7A4F7556}") = "Discount.Grpc", "Services\Discount\Discount.Grpc\Discount.Grpc.csproj", "{E1FA305E-BD66-4435-B663-E3AB2D490CA9}"
EndProject
Project("{9A19103F-16F7-4668-BE54-9A1E7A4F7556}") = "Discount.Grpc.Model", "Services\Discount\Discount.Grpc.Model\Discount.Grpc.Model.csproj", "{A838E18C-0B64-46E0-99B0-AA6A23B42865}"
EndProject
Project("{9A19103F-16F7-4668-BE54-9A1E7A4F7556}") = "Discount.Grpc.Core", "Services\Discount\Discount.Grpc.Core\Discount.Grpc.Core.csproj", "{B120D9E7-E03A-4754-B9BA-3ACDB8137449}"
EndProject
Project("{2150E333-8FDC-42A3-9474-1A3956D46DE8}") = "Ordering", "Ordering", "{5B9C3007-92F7-4098-8237-BD4386CC0626}"
EndProject
Project("{9A19103F-16F7-4668-BE54-9A1E7A4F7556}") = "Ordering.API", "Services\Ordering\Ordering.API\Ordering.API.csproj", "{4A3B00CF-39B8-4CCC-92A9-5BC69E2F6679}"
EndProject
Project("{9A19103F-16F7-4668-BE54-9A1E7A4F7556}") = "Ordering.Domain", "Services\Ordering\Ordering.Domain\Ordering.Domain.csproj", "{C328557B-3863-4C26-8D8A-3C6166FE4798}"
EndProject
Project("{9A19103F-16F7-4668-BE54-9A1E7A4F7556}") = "Ordering.Infrastructure", "Services\Ordering\Ordering.Infrastructure\Ordering.Infrastructure.csproj", "{9D9648A0-21C0-4BD8-B228-1758DBE0C331}"
EndProject
Project("{9A19103F-16F7-4668-BE54-9A1E7A4F7556}") = "Ordering.Application", "Services\Ordering\Ordering.Application\Ordering.Application.csproj", "{6036AB3F-C978-4358-9027-3C1F32FF02CB}"
EndProject
Project("{2150E333-8FDC-42A3-9474-1A3956D46DE8}") = "BuildingBlocks", "BuildingBlocks", "{58E8D229-870F-4094-900B-1B538D13E8AB}"
EndProject
Project("{9A19103F-16F7-4668-BE54-9A1E7A4F7556}") = "EventBus.Message", "BuildingBlocks\EventBus.Message\EventBus.Message.csproj", "{268425EE-F8DE-45CE-8195-938A4ECFA524}"
EndProject
Project("{2150E333-8FDC-42A3-9474-1A3956D46DE8}") = "ApiGateways", "ApiGateways", "{62F8A09C-D8D6-4AE7-9C81-8871040A175E}"
EndProject
Project("{FAE04EC0-301F-11D3-BF4B-00C04F79EFBC}") = "OcelotApiGateway", "ApiGateways\OcelotApiGateway\OcelotApiGateway.csproj", "{FBED1225-7626-4AF1-B9E8-521FE91F2BC3}"
EndProject
Global
	GlobalSection(SolutionConfigurationPlatforms) = preSolution
		Debug|Any CPU = Debug|Any CPU
		Release|Any CPU = Release|Any CPU
	EndGlobalSection
	GlobalSection(ProjectConfigurationPlatforms) = postSolution
		{EE78C2D2-5688-4F69-A3A1-C464A90163AE}.Debug|Any CPU.ActiveCfg = Debug|Any CPU
		{EE78C2D2-5688-4F69-A3A1-C464A90163AE}.Debug|Any CPU.Build.0 = Debug|Any CPU
		{EE78C2D2-5688-4F69-A3A1-C464A90163AE}.Release|Any CPU.ActiveCfg = Release|Any CPU
		{EE78C2D2-5688-4F69-A3A1-C464A90163AE}.Release|Any CPU.Build.0 = Release|Any CPU
		{16F102BF-D8C5-47E3-8391-D852DB864250}.Debug|Any CPU.ActiveCfg = Debug|Any CPU
		{16F102BF-D8C5-47E3-8391-D852DB864250}.Debug|Any CPU.Build.0 = Debug|Any CPU
		{16F102BF-D8C5-47E3-8391-D852DB864250}.Release|Any CPU.ActiveCfg = Release|Any CPU
		{16F102BF-D8C5-47E3-8391-D852DB864250}.Release|Any CPU.Build.0 = Release|Any CPU
		{ADDFF245-781C-477F-8E18-FB5015A0E382}.Debug|Any CPU.ActiveCfg = Debug|Any CPU
		{ADDFF245-781C-477F-8E18-FB5015A0E382}.Debug|Any CPU.Build.0 = Debug|Any CPU
		{ADDFF245-781C-477F-8E18-FB5015A0E382}.Release|Any CPU.ActiveCfg = Release|Any CPU
		{ADDFF245-781C-477F-8E18-FB5015A0E382}.Release|Any CPU.Build.0 = Release|Any CPU
		{24E71CD7-434A-4926-8855-6D1C025FB433}.Debug|Any CPU.ActiveCfg = Debug|Any CPU
		{24E71CD7-434A-4926-8855-6D1C025FB433}.Debug|Any CPU.Build.0 = Debug|Any CPU
		{24E71CD7-434A-4926-8855-6D1C025FB433}.Release|Any CPU.ActiveCfg = Release|Any CPU
		{24E71CD7-434A-4926-8855-6D1C025FB433}.Release|Any CPU.Build.0 = Release|Any CPU
		{3DF60C96-EC0E-4A0D-93BC-AF141BFCA450}.Debug|Any CPU.ActiveCfg = Debug|Any CPU
		{3DF60C96-EC0E-4A0D-93BC-AF141BFCA450}.Debug|Any CPU.Build.0 = Debug|Any CPU
		{3DF60C96-EC0E-4A0D-93BC-AF141BFCA450}.Release|Any CPU.ActiveCfg = Release|Any CPU
		{3DF60C96-EC0E-4A0D-93BC-AF141BFCA450}.Release|Any CPU.Build.0 = Release|Any CPU
		{E1D8C1DC-688E-4FE2-8CF0-86C27B5EDB9C}.Debug|Any CPU.ActiveCfg = Debug|Any CPU
		{E1D8C1DC-688E-4FE2-8CF0-86C27B5EDB9C}.Debug|Any CPU.Build.0 = Debug|Any CPU
		{E1D8C1DC-688E-4FE2-8CF0-86C27B5EDB9C}.Release|Any CPU.ActiveCfg = Release|Any CPU
		{E1D8C1DC-688E-4FE2-8CF0-86C27B5EDB9C}.Release|Any CPU.Build.0 = Release|Any CPU
		{72549B59-C307-4D5F-B868-D5876A33835B}.Debug|Any CPU.ActiveCfg = Debug|Any CPU
		{72549B59-C307-4D5F-B868-D5876A33835B}.Debug|Any CPU.Build.0 = Debug|Any CPU
		{72549B59-C307-4D5F-B868-D5876A33835B}.Release|Any CPU.ActiveCfg = Release|Any CPU
		{72549B59-C307-4D5F-B868-D5876A33835B}.Release|Any CPU.Build.0 = Release|Any CPU
		{7E7F5CA0-0789-4195-92A7-84050E0B8DC8}.Debug|Any CPU.ActiveCfg = Debug|Any CPU
		{7E7F5CA0-0789-4195-92A7-84050E0B8DC8}.Debug|Any CPU.Build.0 = Debug|Any CPU
		{7E7F5CA0-0789-4195-92A7-84050E0B8DC8}.Release|Any CPU.ActiveCfg = Release|Any CPU
		{7E7F5CA0-0789-4195-92A7-84050E0B8DC8}.Release|Any CPU.Build.0 = Release|Any CPU
		{9EE50478-BCD7-495E-B528-E93621F2D4BA}.Debug|Any CPU.ActiveCfg = Debug|Any CPU
		{9EE50478-BCD7-495E-B528-E93621F2D4BA}.Debug|Any CPU.Build.0 = Debug|Any CPU
		{9EE50478-BCD7-495E-B528-E93621F2D4BA}.Release|Any CPU.ActiveCfg = Release|Any CPU
		{9EE50478-BCD7-495E-B528-E93621F2D4BA}.Release|Any CPU.Build.0 = Release|Any CPU
		{136D36CF-8DC1-4F24-B3BA-57E5BAB59D56}.Debug|Any CPU.ActiveCfg = Debug|Any CPU
		{136D36CF-8DC1-4F24-B3BA-57E5BAB59D56}.Debug|Any CPU.Build.0 = Debug|Any CPU
		{136D36CF-8DC1-4F24-B3BA-57E5BAB59D56}.Release|Any CPU.ActiveCfg = Release|Any CPU
		{136D36CF-8DC1-4F24-B3BA-57E5BAB59D56}.Release|Any CPU.Build.0 = Release|Any CPU
		{8AD97592-5F72-45B0-BA9B-2CB707ADA6FE}.Debug|Any CPU.ActiveCfg = Debug|Any CPU
		{8AD97592-5F72-45B0-BA9B-2CB707ADA6FE}.Debug|Any CPU.Build.0 = Debug|Any CPU
		{8AD97592-5F72-45B0-BA9B-2CB707ADA6FE}.Release|Any CPU.ActiveCfg = Release|Any CPU
		{8AD97592-5F72-45B0-BA9B-2CB707ADA6FE}.Release|Any CPU.Build.0 = Release|Any CPU
		{E1FA305E-BD66-4435-B663-E3AB2D490CA9}.Debug|Any CPU.ActiveCfg = Debug|Any CPU
		{E1FA305E-BD66-4435-B663-E3AB2D490CA9}.Debug|Any CPU.Build.0 = Debug|Any CPU
		{E1FA305E-BD66-4435-B663-E3AB2D490CA9}.Release|Any CPU.ActiveCfg = Release|Any CPU
		{E1FA305E-BD66-4435-B663-E3AB2D490CA9}.Release|Any CPU.Build.0 = Release|Any CPU
		{A838E18C-0B64-46E0-99B0-AA6A23B42865}.Debug|Any CPU.ActiveCfg = Debug|Any CPU
		{A838E18C-0B64-46E0-99B0-AA6A23B42865}.Debug|Any CPU.Build.0 = Debug|Any CPU
		{A838E18C-0B64-46E0-99B0-AA6A23B42865}.Release|Any CPU.ActiveCfg = Release|Any CPU
		{A838E18C-0B64-46E0-99B0-AA6A23B42865}.Release|Any CPU.Build.0 = Release|Any CPU
		{B120D9E7-E03A-4754-B9BA-3ACDB8137449}.Debug|Any CPU.ActiveCfg = Debug|Any CPU
		{B120D9E7-E03A-4754-B9BA-3ACDB8137449}.Debug|Any CPU.Build.0 = Debug|Any CPU
		{B120D9E7-E03A-4754-B9BA-3ACDB8137449}.Release|Any CPU.ActiveCfg = Release|Any CPU
		{B120D9E7-E03A-4754-B9BA-3ACDB8137449}.Release|Any CPU.Build.0 = Release|Any CPU
		{4A3B00CF-39B8-4CCC-92A9-5BC69E2F6679}.Debug|Any CPU.ActiveCfg = Debug|Any CPU
		{4A3B00CF-39B8-4CCC-92A9-5BC69E2F6679}.Debug|Any CPU.Build.0 = Debug|Any CPU
		{4A3B00CF-39B8-4CCC-92A9-5BC69E2F6679}.Release|Any CPU.ActiveCfg = Release|Any CPU
		{4A3B00CF-39B8-4CCC-92A9-5BC69E2F6679}.Release|Any CPU.Build.0 = Release|Any CPU
		{C328557B-3863-4C26-8D8A-3C6166FE4798}.Debug|Any CPU.ActiveCfg = Debug|Any CPU
		{C328557B-3863-4C26-8D8A-3C6166FE4798}.Debug|Any CPU.Build.0 = Debug|Any CPU
		{C328557B-3863-4C26-8D8A-3C6166FE4798}.Release|Any CPU.ActiveCfg = Release|Any CPU
		{C328557B-3863-4C26-8D8A-3C6166FE4798}.Release|Any CPU.Build.0 = Release|Any CPU
		{9D9648A0-21C0-4BD8-B228-1758DBE0C331}.Debug|Any CPU.ActiveCfg = Debug|Any CPU
		{9D9648A0-21C0-4BD8-B228-1758DBE0C331}.Debug|Any CPU.Build.0 = Debug|Any CPU
		{9D9648A0-21C0-4BD8-B228-1758DBE0C331}.Release|Any CPU.ActiveCfg = Release|Any CPU
		{9D9648A0-21C0-4BD8-B228-1758DBE0C331}.Release|Any CPU.Build.0 = Release|Any CPU
		{6036AB3F-C978-4358-9027-3C1F32FF02CB}.Debug|Any CPU.ActiveCfg = Debug|Any CPU
		{6036AB3F-C978-4358-9027-3C1F32FF02CB}.Debug|Any CPU.Build.0 = Debug|Any CPU
		{6036AB3F-C978-4358-9027-3C1F32FF02CB}.Release|Any CPU.ActiveCfg = Release|Any CPU
		{6036AB3F-C978-4358-9027-3C1F32FF02CB}.Release|Any CPU.Build.0 = Release|Any CPU
		{268425EE-F8DE-45CE-8195-938A4ECFA524}.Debug|Any CPU.ActiveCfg = Debug|Any CPU
		{268425EE-F8DE-45CE-8195-938A4ECFA524}.Debug|Any CPU.Build.0 = Debug|Any CPU
		{268425EE-F8DE-45CE-8195-938A4ECFA524}.Release|Any CPU.ActiveCfg = Release|Any CPU
		{268425EE-F8DE-45CE-8195-938A4ECFA524}.Release|Any CPU.Build.0 = Release|Any CPU
		{FBED1225-7626-4AF1-B9E8-521FE91F2BC3}.Debug|Any CPU.ActiveCfg = Debug|Any CPU
		{FBED1225-7626-4AF1-B9E8-521FE91F2BC3}.Debug|Any CPU.Build.0 = Debug|Any CPU
		{FBED1225-7626-4AF1-B9E8-521FE91F2BC3}.Release|Any CPU.ActiveCfg = Release|Any CPU
		{FBED1225-7626-4AF1-B9E8-521FE91F2BC3}.Release|Any CPU.Build.0 = Release|Any CPU
	EndGlobalSection
	GlobalSection(SolutionProperties) = preSolution
		HideSolutionNode = FALSE
	EndGlobalSection
	GlobalSection(NestedProjects) = preSolution
		{16411F01-79E4-4C43-9A76-6431CB998A74} = {90F4B072-A611-4D7E-B41B-A26E29319B23}
		{EE78C2D2-5688-4F69-A3A1-C464A90163AE} = {16411F01-79E4-4C43-9A76-6431CB998A74}
		{16F102BF-D8C5-47E3-8391-D852DB864250} = {16411F01-79E4-4C43-9A76-6431CB998A74}
		{ADDFF245-781C-477F-8E18-FB5015A0E382} = {16411F01-79E4-4C43-9A76-6431CB998A74}
		{24E71CD7-434A-4926-8855-6D1C025FB433} = {16411F01-79E4-4C43-9A76-6431CB998A74}
		{6C034F05-2950-487D-A38C-00FC688BA17C} = {90F4B072-A611-4D7E-B41B-A26E29319B23}
		{E1D8C1DC-688E-4FE2-8CF0-86C27B5EDB9C} = {6C034F05-2950-487D-A38C-00FC688BA17C}
		{72549B59-C307-4D5F-B868-D5876A33835B} = {6C034F05-2950-487D-A38C-00FC688BA17C}
		{7E7F5CA0-0789-4195-92A7-84050E0B8DC8} = {6C034F05-2950-487D-A38C-00FC688BA17C}
		{12191CAA-75C1-4A61-9804-8EC37068C79A} = {90F4B072-A611-4D7E-B41B-A26E29319B23}
		{9EE50478-BCD7-495E-B528-E93621F2D4BA} = {12191CAA-75C1-4A61-9804-8EC37068C79A}
		{136D36CF-8DC1-4F24-B3BA-57E5BAB59D56} = {12191CAA-75C1-4A61-9804-8EC37068C79A}
		{8AD97592-5F72-45B0-BA9B-2CB707ADA6FE} = {12191CAA-75C1-4A61-9804-8EC37068C79A}
		{E1FA305E-BD66-4435-B663-E3AB2D490CA9} = {12191CAA-75C1-4A61-9804-8EC37068C79A}
		{A838E18C-0B64-46E0-99B0-AA6A23B42865} = {12191CAA-75C1-4A61-9804-8EC37068C79A}
		{B120D9E7-E03A-4754-B9BA-3ACDB8137449} = {12191CAA-75C1-4A61-9804-8EC37068C79A}
		{5B9C3007-92F7-4098-8237-BD4386CC0626} = {90F4B072-A611-4D7E-B41B-A26E29319B23}
		{4A3B00CF-39B8-4CCC-92A9-5BC69E2F6679} = {5B9C3007-92F7-4098-8237-BD4386CC0626}
		{C328557B-3863-4C26-8D8A-3C6166FE4798} = {5B9C3007-92F7-4098-8237-BD4386CC0626}
		{9D9648A0-21C0-4BD8-B228-1758DBE0C331} = {5B9C3007-92F7-4098-8237-BD4386CC0626}
		{6036AB3F-C978-4358-9027-3C1F32FF02CB} = {5B9C3007-92F7-4098-8237-BD4386CC0626}
		{268425EE-F8DE-45CE-8195-938A4ECFA524} = {58E8D229-870F-4094-900B-1B538D13E8AB}
		{FBED1225-7626-4AF1-B9E8-521FE91F2BC3} = {62F8A09C-D8D6-4AE7-9C81-8871040A175E}
	EndGlobalSection
	GlobalSection(ExtensibilityGlobals) = postSolution
		SolutionGuid = {547FCF01-B625-4403-9467-7477FB833924}
	EndGlobalSection
EndGlobal
